{
  "nodes": {
    "agenix": {
      "inputs": {
        "nixpkgs": [
          "nixpkgs-stable"
        ]
      },
      "locked": {
        "lastModified": 1652712410,
        "narHash": "sha256-hMJ2TqLt0DleEnQFGUHK9sV2aAzJPU8pZeiZoqRozbE=",
        "owner": "ryantm",
        "repo": "agenix",
        "rev": "7e5e58b98c3dcbf497543ff6f22591552ebfe65b",
        "type": "github"
      },
      "original": {
        "owner": "ryantm",
        "repo": "agenix",
        "type": "github"
      }
    },
    "home-manager": {
      "inputs": {
        "nixpkgs": [
          "nixpkgs-unstable"
        ],
        "utils": "utils"
      },
      "locked": {
        "lastModified": 1658751516,
        "narHash": "sha256-Y/3dHoTjbvYBtWd+TTBQJUIgDPO9d+Gqt05C5dyR7E4=",
        "owner": "nix-community",
        "repo": "home-manager",
        "rev": "dbed4c794d20d51027fc1107f063ec5be027dafc",
        "type": "github"
      },
      "original": {
        "owner": "nix-community",
        "repo": "home-manager",
        "type": "github"
      }
    },
    "nixpkgs-stable": {
      "locked": {
        "lastModified": 1658777571,
        "narHash": "sha256-gJMDUeaRhi47NxtrfFMIejlV5N3Ra2669w16Ndz2Jo0=",
        "owner": "NixOS",
        "repo": "nixpkgs",
        "rev": "f0fa012b649a47e408291e96a15672a4fe925d65",
        "type": "github"
      },
      "original": {
        "owner": "NixOS",
        "ref": "nixos-22.05",
        "repo": "nixpkgs",
        "type": "github"
      }
    },
    "nixpkgs-unstable": {
      "locked": {
        "lastModified": 1658737577,
        "narHash": "sha256-xosJ5nJT9HX+b6UWsSX6R+ap4AdZOCrl/r+IKFp2ASQ=",
        "owner": "NixOS",
        "repo": "nixpkgs",
        "rev": "5a0e0d73b944157328d54c4ded1cf2f0146a86a5",
        "type": "github"
      },
      "original": {
        "owner": "NixOS",
        "ref": "nixos-unstable",
        "repo": "nixpkgs",
        "type": "github"
      }
    },
    "nur": {
      "locked": {
        "lastModified": 1658892823,
        "narHash": "sha256-fZfGWmL+zIO+r9Z9Mv8AAWVp6rcFPWsYuO7Mzp9XABc=",
        "owner": "nix-community",
        "repo": "NUR",
        "rev": "54d7abade458b688ce4b5f430bc8b3519b18c066",
        "type": "github"
      },
      "original": {
        "owner": "nix-community",
        "repo": "NUR",
        "type": "github"
      }
    },
    "root": {
      "inputs": {
        "agenix": "agenix",
        "home-manager": "home-manager",
        "nixpkgs-stable": "nixpkgs-stable",
        "nixpkgs-unstable": "nixpkgs-unstable",
        "nur": "nur"
      }
    },
    "utils": {
      "locked": {
        "lastModified": 1653893745,
        "narHash": "sha256-0jntwV3Z8//YwuOjzhV2sgJJPt+HY6KhU7VZUL0fKZQ=",
        "owner": "numtide",
        "repo": "flake-utils",
        "rev": "1ed9fb1935d260de5fe1c2f7ee0ebaae17ed2fa1",
        "type": "github"
      },
      "original": {
        "owner": "numtide",
        "repo": "flake-utils",
        "type": "github"
      }
    }
  },
  "root": "root",
  "version": 7
}
