{
  "nodes": {
    "agenix": {
      "inputs": {
        "nixpkgs": [
          "nixpkgs"
        ]
      },
      "locked": {
        "lastModified": 1665870395,
        "narHash": "sha256-Tsbqb27LDNxOoPLh0gw2hIb6L/6Ow/6lIBvqcHzEKBI=",
        "owner": "ryantm",
        "repo": "agenix",
        "rev": "a630400067c6d03c9b3e0455347dc8559db14288",
        "type": "github"
      },
      "original": {
        "owner": "ryantm",
        "repo": "agenix",
        "type": "github"
      }
    },
    "flake-utils": {
      "locked": {
        "lastModified": 1659877975,
        "narHash": "sha256-zllb8aq3YO3h8B/U0/J1WBgAL8EX5yWf5pMj3G0NAmc=",
        "owner": "numtide",
        "repo": "flake-utils",
        "rev": "c0e246b9b83f637f4681389ecabcb2681b4f3af0",
        "type": "github"
      },
      "original": {
        "owner": "numtide",
        "repo": "flake-utils",
        "type": "github"
      }
    },
    "home-manager": {
      "inputs": {
        "nixpkgs": [
          "nixpkgs"
        ],
        "utils": [
          "flake-utils"
        ]
      },
      "locked": {
        "lastModified": 1666903647,
        "narHash": "sha256-sFI1Gh9DTGzHnBINondupUGYbe+T0wZcpcZjkW0qffM=",
        "owner": "nix-community",
        "repo": "home-manager",
        "rev": "213a06295dff96668a1d673b9fd1c03ce1de6745",
        "type": "github"
      },
      "original": {
        "owner": "nix-community",
        "repo": "home-manager",
        "type": "github"
      }
    },
    "mimir": {
      "inputs": {
        "nixpkgs": [
          "nixpkgs"
        ]
      },
      "locked": {
        "lastModified": 1666556633,
        "narHash": "sha256-US4ESTnhz912P3c4ah/HBPjpYiYtNMjJeQCfZBH8ekA=",
        "owner": "shawn8901",
        "repo": "mimir",
        "rev": "3563534458be2b76b53a1bc82d4685481a906d60",
        "type": "github"
      },
      "original": {
        "owner": "shawn8901",
        "repo": "mimir",
        "type": "github"
      }
    },
    "mimir-client": {
      "inputs": {
        "nixpkgs": [
          "nixpkgs"
        ]
      },
      "locked": {
        "lastModified": 1666545616,
        "narHash": "sha256-vNgteQMpSEgFP+o0sXjmPb+6hZzWR79Fgmftlk9cTpo=",
        "owner": "shawn8901",
        "repo": "mimir-client",
        "rev": "719a1ea72a443649d58cfce525f1dc91c493f44f",
        "type": "github"
      },
      "original": {
        "owner": "shawn8901",
        "repo": "mimir-client",
        "type": "github"
      }
    },
    "nix-vscode-marketplace": {
      "inputs": {
        "flake-utils": [
          "flake-utils"
        ],
        "nixpkgs": [
          "nixpkgs"
        ]
      },
      "locked": {
        "lastModified": 1665992943,
        "narHash": "sha256-jg+cLRhxY4zDK1L7VkkeojUoRA/GfTNTcyXtXs6dM/s=",
        "owner": "AmeerTaweel",
        "repo": "nix-vscode-marketplace",
        "rev": "2e9508c0cd2c2daa6323f8443bf123c7112db047",
        "type": "github"
      },
      "original": {
        "owner": "AmeerTaweel",
        "repo": "nix-vscode-marketplace",
        "type": "github"
      }
    },
    "nixpkgs": {
      "locked": {
        "lastModified": 1666869603,
        "narHash": "sha256-3V53or4Vpu4+LrGfGSh3T2V8+qf5RP6nRuex9GywkwE=",
        "owner": "NixOS",
        "repo": "nixpkgs",
        "rev": "2001e2b31c565bcdf7bc13062b8d7cfccaca05b8",
        "type": "github"
      },
      "original": {
        "owner": "NixOS",
        "ref": "nixos-unstable",
        "repo": "nixpkgs",
        "type": "github"
      }
    },
    "nur": {
      "locked": {
        "lastModified": 1667013160,
        "narHash": "sha256-D6PNNDzdOCoVLaKwk+K7xlRIRDTpKklsoxh8OAFw4Xk=",
        "owner": "nix-community",
        "repo": "NUR",
        "rev": "1f695cdbaa72170739eccc6eed840b48e25e32ec",
        "type": "github"
      },
      "original": {
        "owner": "nix-community",
        "repo": "NUR",
        "type": "github"
      }
    },
    "root": {
      "inputs": {
        "agenix": "agenix",
        "flake-utils": "flake-utils",
        "home-manager": "home-manager",
        "mimir": "mimir",
        "mimir-client": "mimir-client",
        "nix-vscode-marketplace": "nix-vscode-marketplace",
        "nixpkgs": "nixpkgs",
        "nur": "nur",
        "stfc-bot": "stfc-bot"
      }
    },
    "stfc-bot": {
      "inputs": {
        "nixpkgs": [
          "nixpkgs"
        ]
      },
      "locked": {
        "lastModified": 1666794657,
        "narHash": "sha256-aQpGEthVMgikoYtXDN5kVkLCFMcsATdJDMdNYUJFBv4=",
        "owner": "shawn8901",
        "repo": "stfc-bot",
        "rev": "1e805723f4408ce196b1efccbdaf59ff6e98f998",
        "type": "github"
      },
      "original": {
        "owner": "shawn8901",
        "repo": "stfc-bot",
        "type": "github"
      }
    }
  },
  "root": "root",
  "version": 7
}
